{
  "pins" : [
    {
      "identity" : "wwcollectionviewlayout",
      "kind" : "remoteSourceControl",
      "location" : "https://github.com/William-Weng/WWCollectionViewLayout",
      "state" : {
        "branch" : "main",
        "revision" : "512831d9cf68593ad5f14a8318e6ed43febf085d"
      }
    }
  ],
  "version" : 2
}
